
Microsoft Visual Studio Solution File, Format Version 12.00
# Visual Studio 15
VisualStudioVersion = 15.0.27130.2026
MinimumVisualStudioVersion = 10.0.40219.1
Project("{FAE04EC0-301F-11D3-BF4B-00C04F79EFBC}") = "CreditCardNote.Android", "CreditCardNote\CreditCardNote.Android\CreditCardNote.Android.csproj", "{757E7D93-4F2A-4BB9-9624-FE7D20D04479}"
EndProject
Project("{FAE04EC0-301F-11D3-BF4B-00C04F79EFBC}") = "CreditCardNote.iOS", "CreditCardNote\CreditCardNote.iOS\CreditCardNote.iOS.csproj", "{C4F434B4-7CC7-4A6D-8119-EBF4CEF308D3}"
EndProject
Project("{9A19103F-16F7-4668-BE54-9A1E7A4F7556}") = "CreditCardNote", "CreditCardNote\CreditCardNote\CreditCardNote.csproj", "{9C89730C-0E98-40FB-8505-AB1F8D3522DF}"
EndProject
Project("{9A19103F-16F7-4668-BE54-9A1E7A4F7556}") = "CreditCardNote.SQLite", "CreditCardNote.SQLite\CreditCardNote.SQLite.csproj", "{18C127DC-8DCE-47B7-8AA8-4D9DF8D061B2}"
EndProject
Project("{9A19103F-16F7-4668-BE54-9A1E7A4F7556}") = "CreditCardNote.Infrastructrue", "CreditCardNote.Infrastructrue\CreditCardNote.Infrastructrue.csproj", "{1CD4B28B-6341-4A77-A949-644F4964B15E}"
EndProject
Global
	GlobalSection(SolutionConfigurationPlatforms) = preSolution
		Ad-Hoc|Any CPU = Ad-Hoc|Any CPU
		Ad-Hoc|iPhone = Ad-Hoc|iPhone
		Ad-Hoc|iPhoneSimulator = Ad-Hoc|iPhoneSimulator
		Ad-Hoc|x86 = Ad-Hoc|x86
		AppStore|Any CPU = AppStore|Any CPU
		AppStore|iPhone = AppStore|iPhone
		AppStore|iPhoneSimulator = AppStore|iPhoneSimulator
		AppStore|x86 = AppStore|x86
		Debug|Any CPU = Debug|Any CPU
		Debug|iPhone = Debug|iPhone
		Debug|iPhoneSimulator = Debug|iPhoneSimulator
		Debug|x86 = Debug|x86
		Release|Any CPU = Release|Any CPU
		Release|iPhone = Release|iPhone
		Release|iPhoneSimulator = Release|iPhoneSimulator
		Release|x86 = Release|x86
	EndGlobalSection
	GlobalSection(ProjectConfigurationPlatforms) = postSolution
		{757E7D93-4F2A-4BB9-9624-FE7D20D04479}.Ad-Hoc|Any CPU.ActiveCfg = Release|Any CPU
		{757E7D93-4F2A-4BB9-9624-FE7D20D04479}.Ad-Hoc|Any CPU.Build.0 = Release|Any CPU
		{757E7D93-4F2A-4BB9-9624-FE7D20D04479}.Ad-Hoc|Any CPU.Deploy.0 = Release|Any CPU
		{757E7D93-4F2A-4BB9-9624-FE7D20D04479}.Ad-Hoc|iPhone.ActiveCfg = Release|Any CPU
		{757E7D93-4F2A-4BB9-9624-FE7D20D04479}.Ad-Hoc|iPhone.Build.0 = Release|Any CPU
		{757E7D93-4F2A-4BB9-9624-FE7D20D04479}.Ad-Hoc|iPhone.Deploy.0 = Release|Any CPU
		{757E7D93-4F2A-4BB9-9624-FE7D20D04479}.Ad-Hoc|iPhoneSimulator.ActiveCfg = Release|Any CPU
		{757E7D93-4F2A-4BB9-9624-FE7D20D04479}.Ad-Hoc|iPhoneSimulator.Build.0 = Release|Any CPU
		{757E7D93-4F2A-4BB9-9624-FE7D20D04479}.Ad-Hoc|iPhoneSimulator.Deploy.0 = Release|Any CPU
		{757E7D93-4F2A-4BB9-9624-FE7D20D04479}.Ad-Hoc|x86.ActiveCfg = Release|x86
		{757E7D93-4F2A-4BB9-9624-FE7D20D04479}.Ad-Hoc|x86.Build.0 = Release|x86
		{757E7D93-4F2A-4BB9-9624-FE7D20D04479}.Ad-Hoc|x86.Deploy.0 = Release|x86
		{757E7D93-4F2A-4BB9-9624-FE7D20D04479}.AppStore|Any CPU.ActiveCfg = Release|Any CPU
		{757E7D93-4F2A-4BB9-9624-FE7D20D04479}.AppStore|Any CPU.Build.0 = Release|Any CPU
		{757E7D93-4F2A-4BB9-9624-FE7D20D04479}.AppStore|Any CPU.Deploy.0 = Release|Any CPU
		{757E7D93-4F2A-4BB9-9624-FE7D20D04479}.AppStore|iPhone.ActiveCfg = Release|Any CPU
		{757E7D93-4F2A-4BB9-9624-FE7D20D04479}.AppStore|iPhone.Build.0 = Release|Any CPU
		{757E7D93-4F2A-4BB9-9624-FE7D20D04479}.AppStore|iPhone.Deploy.0 = Release|Any CPU
		{757E7D93-4F2A-4BB9-9624-FE7D20D04479}.AppStore|iPhoneSimulator.ActiveCfg = Release|Any CPU
		{757E7D93-4F2A-4BB9-9624-FE7D20D04479}.AppStore|iPhoneSimulator.Build.0 = Release|Any CPU
		{757E7D93-4F2A-4BB9-9624-FE7D20D04479}.AppStore|iPhoneSimulator.Deploy.0 = Release|Any CPU
		{757E7D93-4F2A-4BB9-9624-FE7D20D04479}.AppStore|x86.ActiveCfg = Release|x86
		{757E7D93-4F2A-4BB9-9624-FE7D20D04479}.AppStore|x86.Build.0 = Release|x86
		{757E7D93-4F2A-4BB9-9624-FE7D20D04479}.AppStore|x86.Deploy.0 = Release|x86
		{757E7D93-4F2A-4BB9-9624-FE7D20D04479}.Debug|Any CPU.ActiveCfg = Debug|Any CPU
		{757E7D93-4F2A-4BB9-9624-FE7D20D04479}.Debug|Any CPU.Build.0 = Debug|Any CPU
		{757E7D93-4F2A-4BB9-9624-FE7D20D04479}.Debug|Any CPU.Deploy.0 = Debug|Any CPU
		{757E7D93-4F2A-4BB9-9624-FE7D20D04479}.Debug|iPhone.ActiveCfg = Debug|Any CPU
		{757E7D93-4F2A-4BB9-9624-FE7D20D04479}.Debug|iPhone.Build.0 = Debug|Any CPU
		{757E7D93-4F2A-4BB9-9624-FE7D20D04479}.Debug|iPhone.Deploy.0 = Debug|Any CPU
		{757E7D93-4F2A-4BB9-9624-FE7D20D04479}.Debug|iPhoneSimulator.ActiveCfg = Debug|Any CPU
		{757E7D93-4F2A-4BB9-9624-FE7D20D04479}.Debug|iPhoneSimulator.Build.0 = Debug|Any CPU
		{757E7D93-4F2A-4BB9-9624-FE7D20D04479}.Debug|iPhoneSimulator.Deploy.0 = Debug|Any CPU
		{757E7D93-4F2A-4BB9-9624-FE7D20D04479}.Debug|x86.ActiveCfg = Debug|Any CPU
		{757E7D93-4F2A-4BB9-9624-FE7D20D04479}.Debug|x86.Build.0 = Debug|Any CPU
		{757E7D93-4F2A-4BB9-9624-FE7D20D04479}.Debug|x86.Deploy.0 = Debug|Any CPU
		{757E7D93-4F2A-4BB9-9624-FE7D20D04479}.Release|Any CPU.ActiveCfg = Release|Any CPU
		{757E7D93-4F2A-4BB9-9624-FE7D20D04479}.Release|Any CPU.Build.0 = Release|Any CPU
		{757E7D93-4F2A-4BB9-9624-FE7D20D04479}.Release|Any CPU.Deploy.0 = Release|Any CPU
		{757E7D93-4F2A-4BB9-9624-FE7D20D04479}.Release|iPhone.ActiveCfg = Release|Any CPU
		{757E7D93-4F2A-4BB9-9624-FE7D20D04479}.Release|iPhone.Build.0 = Release|Any CPU
		{757E7D93-4F2A-4BB9-9624-FE7D20D04479}.Release|iPhone.Deploy.0 = Release|Any CPU
		{757E7D93-4F2A-4BB9-9624-FE7D20D04479}.Release|iPhoneSimulator.ActiveCfg = Release|Any CPU
		{757E7D93-4F2A-4BB9-9624-FE7D20D04479}.Release|iPhoneSimulator.Build.0 = Release|Any CPU
		{757E7D93-4F2A-4BB9-9624-FE7D20D04479}.Release|iPhoneSimulator.Deploy.0 = Release|Any CPU
		{757E7D93-4F2A-4BB9-9624-FE7D20D04479}.Release|x86.ActiveCfg = Release|x86
		{757E7D93-4F2A-4BB9-9624-FE7D20D04479}.Release|x86.Build.0 = Release|x86
		{757E7D93-4F2A-4BB9-9624-FE7D20D04479}.Release|x86.Deploy.0 = Release|x86
		{C4F434B4-7CC7-4A6D-8119-EBF4CEF308D3}.Ad-Hoc|Any CPU.ActiveCfg = Ad-Hoc|iPhone
		{C4F434B4-7CC7-4A6D-8119-EBF4CEF308D3}.Ad-Hoc|iPhone.ActiveCfg = Ad-Hoc|iPhone
		{C4F434B4-7CC7-4A6D-8119-EBF4CEF308D3}.Ad-Hoc|iPhone.Build.0 = Ad-Hoc|iPhone
		{C4F434B4-7CC7-4A6D-8119-EBF4CEF308D3}.Ad-Hoc|iPhoneSimulator.ActiveCfg = Ad-Hoc|iPhoneSimulator
		{C4F434B4-7CC7-4A6D-8119-EBF4CEF308D3}.Ad-Hoc|iPhoneSimulator.Build.0 = Ad-Hoc|iPhoneSimulator
		{C4F434B4-7CC7-4A6D-8119-EBF4CEF308D3}.Ad-Hoc|x86.ActiveCfg = Ad-Hoc|iPhoneSimulator
		{C4F434B4-7CC7-4A6D-8119-EBF4CEF308D3}.AppStore|Any CPU.ActiveCfg = AppStore|iPhone
		{C4F434B4-7CC7-4A6D-8119-EBF4CEF308D3}.AppStore|iPhone.ActiveCfg = AppStore|iPhone
		{C4F434B4-7CC7-4A6D-8119-EBF4CEF308D3}.AppStore|iPhone.Build.0 = AppStore|iPhone
		{C4F434B4-7CC7-4A6D-8119-EBF4CEF308D3}.AppStore|iPhoneSimulator.ActiveCfg = AppStore|iPhoneSimulator
		{C4F434B4-7CC7-4A6D-8119-EBF4CEF308D3}.AppStore|iPhoneSimulator.Build.0 = AppStore|iPhoneSimulator
		{C4F434B4-7CC7-4A6D-8119-EBF4CEF308D3}.AppStore|x86.ActiveCfg = AppStore|iPhoneSimulator
		{C4F434B4-7CC7-4A6D-8119-EBF4CEF308D3}.Debug|Any CPU.ActiveCfg = Debug|iPhone
		{C4F434B4-7CC7-4A6D-8119-EBF4CEF308D3}.Debug|iPhone.ActiveCfg = Debug|iPhone
		{C4F434B4-7CC7-4A6D-8119-EBF4CEF308D3}.Debug|iPhone.Build.0 = Debug|iPhone
		{C4F434B4-7CC7-4A6D-8119-EBF4CEF308D3}.Debug|iPhoneSimulator.ActiveCfg = Debug|iPhoneSimulator
		{C4F434B4-7CC7-4A6D-8119-EBF4CEF308D3}.Debug|iPhoneSimulator.Build.0 = Debug|iPhoneSimulator
		{C4F434B4-7CC7-4A6D-8119-EBF4CEF308D3}.Debug|x86.ActiveCfg = Debug|iPhoneSimulator
		{C4F434B4-7CC7-4A6D-8119-EBF4CEF308D3}.Release|Any CPU.ActiveCfg = Release|iPhone
		{C4F434B4-7CC7-4A6D-8119-EBF4CEF308D3}.Release|iPhone.ActiveCfg = Release|iPhone
		{C4F434B4-7CC7-4A6D-8119-EBF4CEF308D3}.Release|iPhone.Build.0 = Release|iPhone
		{C4F434B4-7CC7-4A6D-8119-EBF4CEF308D3}.Release|iPhoneSimulator.ActiveCfg = Release|iPhoneSimulator
		{C4F434B4-7CC7-4A6D-8119-EBF4CEF308D3}.Release|iPhoneSimulator.Build.0 = Release|iPhoneSimulator
		{C4F434B4-7CC7-4A6D-8119-EBF4CEF308D3}.Release|x86.ActiveCfg = Release|iPhoneSimulator
		{9C89730C-0E98-40FB-8505-AB1F8D3522DF}.Ad-Hoc|Any CPU.ActiveCfg = Debug|Any CPU
		{9C89730C-0E98-40FB-8505-AB1F8D3522DF}.Ad-Hoc|Any CPU.Build.0 = Debug|Any CPU
		{9C89730C-0E98-40FB-8505-AB1F8D3522DF}.Ad-Hoc|iPhone.ActiveCfg = Debug|Any CPU
		{9C89730C-0E98-40FB-8505-AB1F8D3522DF}.Ad-Hoc|iPhone.Build.0 = Debug|Any CPU
		{9C89730C-0E98-40FB-8505-AB1F8D3522DF}.Ad-Hoc|iPhoneSimulator.ActiveCfg = Debug|Any CPU
		{9C89730C-0E98-40FB-8505-AB1F8D3522DF}.Ad-Hoc|iPhoneSimulator.Build.0 = Debug|Any CPU
		{9C89730C-0E98-40FB-8505-AB1F8D3522DF}.Ad-Hoc|x86.ActiveCfg = Release|Any CPU
		{9C89730C-0E98-40FB-8505-AB1F8D3522DF}.Ad-Hoc|x86.Build.0 = Release|Any CPU
		{9C89730C-0E98-40FB-8505-AB1F8D3522DF}.AppStore|Any CPU.ActiveCfg = Debug|Any CPU
		{9C89730C-0E98-40FB-8505-AB1F8D3522DF}.AppStore|Any CPU.Build.0 = Debug|Any CPU
		{9C89730C-0E98-40FB-8505-AB1F8D3522DF}.AppStore|iPhone.ActiveCfg = Debug|Any CPU
		{9C89730C-0E98-40FB-8505-AB1F8D3522DF}.AppStore|iPhone.Build.0 = Debug|Any CPU
		{9C89730C-0E98-40FB-8505-AB1F8D3522DF}.AppStore|iPhoneSimulator.ActiveCfg = Debug|Any CPU
		{9C89730C-0E98-40FB-8505-AB1F8D3522DF}.AppStore|iPhoneSimulator.Build.0 = Debug|Any CPU
		{9C89730C-0E98-40FB-8505-AB1F8D3522DF}.AppStore|x86.ActiveCfg = Release|Any CPU
		{9C89730C-0E98-40FB-8505-AB1F8D3522DF}.AppStore|x86.Build.0 = Release|Any CPU
		{9C89730C-0E98-40FB-8505-AB1F8D3522DF}.Debug|Any CPU.ActiveCfg = Debug|Any CPU
		{9C89730C-0E98-40FB-8505-AB1F8D3522DF}.Debug|Any CPU.Build.0 = Debug|Any CPU
		{9C89730C-0E98-40FB-8505-AB1F8D3522DF}.Debug|iPhone.ActiveCfg = Debug|Any CPU
		{9C89730C-0E98-40FB-8505-AB1F8D3522DF}.Debug|iPhone.Build.0 = Debug|Any CPU
		{9C89730C-0E98-40FB-8505-AB1F8D3522DF}.Debug|iPhoneSimulator.ActiveCfg = Debug|Any CPU
		{9C89730C-0E98-40FB-8505-AB1F8D3522DF}.Debug|iPhoneSimulator.Build.0 = Debug|Any CPU
		{9C89730C-0E98-40FB-8505-AB1F8D3522DF}.Debug|x86.ActiveCfg = Debug|Any CPU
		{9C89730C-0E98-40FB-8505-AB1F8D3522DF}.Debug|x86.Build.0 = Debug|Any CPU
		{9C89730C-0E98-40FB-8505-AB1F8D3522DF}.Release|Any CPU.ActiveCfg = Release|Any CPU
		{9C89730C-0E98-40FB-8505-AB1F8D3522DF}.Release|Any CPU.Build.0 = Release|Any CPU
		{9C89730C-0E98-40FB-8505-AB1F8D3522DF}.Release|iPhone.ActiveCfg = Release|Any CPU
		{9C89730C-0E98-40FB-8505-AB1F8D3522DF}.Release|iPhone.Build.0 = Release|Any CPU
		{9C89730C-0E98-40FB-8505-AB1F8D3522DF}.Release|iPhoneSimulator.ActiveCfg = Release|Any CPU
		{9C89730C-0E98-40FB-8505-AB1F8D3522DF}.Release|iPhoneSimulator.Build.0 = Release|Any CPU
		{9C89730C-0E98-40FB-8505-AB1F8D3522DF}.Release|x86.ActiveCfg = Release|Any CPU
		{9C89730C-0E98-40FB-8505-AB1F8D3522DF}.Release|x86.Build.0 = Release|Any CPU
		{18C127DC-8DCE-47B7-8AA8-4D9DF8D061B2}.Ad-Hoc|Any CPU.ActiveCfg = Debug|Any CPU
		{18C127DC-8DCE-47B7-8AA8-4D9DF8D061B2}.Ad-Hoc|Any CPU.Build.0 = Debug|Any CPU
		{18C127DC-8DCE-47B7-8AA8-4D9DF8D061B2}.Ad-Hoc|iPhone.ActiveCfg = Debug|Any CPU
		{18C127DC-8DCE-47B7-8AA8-4D9DF8D061B2}.Ad-Hoc|iPhone.Build.0 = Debug|Any CPU
		{18C127DC-8DCE-47B7-8AA8-4D9DF8D061B2}.Ad-Hoc|iPhoneSimulator.ActiveCfg = Debug|Any CPU
		{18C127DC-8DCE-47B7-8AA8-4D9DF8D061B2}.Ad-Hoc|iPhoneSimulator.Build.0 = Debug|Any CPU
		{18C127DC-8DCE-47B7-8AA8-4D9DF8D061B2}.Ad-Hoc|x86.ActiveCfg = Release|Any CPU
		{18C127DC-8DCE-47B7-8AA8-4D9DF8D061B2}.Ad-Hoc|x86.Build.0 = Release|Any CPU
		{18C127DC-8DCE-47B7-8AA8-4D9DF8D061B2}.AppStore|Any CPU.ActiveCfg = Debug|Any CPU
		{18C127DC-8DCE-47B7-8AA8-4D9DF8D061B2}.AppStore|Any CPU.Build.0 = Debug|Any CPU
		{18C127DC-8DCE-47B7-8AA8-4D9DF8D061B2}.AppStore|iPhone.ActiveCfg = Debug|Any CPU
		{18C127DC-8DCE-47B7-8AA8-4D9DF8D061B2}.AppStore|iPhone.Build.0 = Debug|Any CPU
		{18C127DC-8DCE-47B7-8AA8-4D9DF8D061B2}.AppStore|iPhoneSimulator.ActiveCfg = Debug|Any CPU
		{18C127DC-8DCE-47B7-8AA8-4D9DF8D061B2}.AppStore|iPhoneSimulator.Build.0 = Debug|Any CPU
		{18C127DC-8DCE-47B7-8AA8-4D9DF8D061B2}.AppStore|x86.ActiveCfg = Release|Any CPU
		{18C127DC-8DCE-47B7-8AA8-4D9DF8D061B2}.AppStore|x86.Build.0 = Release|Any CPU
		{18C127DC-8DCE-47B7-8AA8-4D9DF8D061B2}.Debug|Any CPU.ActiveCfg = Debug|Any CPU
		{18C127DC-8DCE-47B7-8AA8-4D9DF8D061B2}.Debug|Any CPU.Build.0 = Debug|Any CPU
		{18C127DC-8DCE-47B7-8AA8-4D9DF8D061B2}.Debug|iPhone.ActiveCfg = Debug|Any CPU
		{18C127DC-8DCE-47B7-8AA8-4D9DF8D061B2}.Debug|iPhone.Build.0 = Debug|Any CPU
		{18C127DC-8DCE-47B7-8AA8-4D9DF8D061B2}.Debug|iPhoneSimulator.ActiveCfg = Debug|Any CPU
		{18C127DC-8DCE-47B7-8AA8-4D9DF8D061B2}.Debug|iPhoneSimulator.Build.0 = Debug|Any CPU
		{18C127DC-8DCE-47B7-8AA8-4D9DF8D061B2}.Debug|x86.ActiveCfg = Debug|Any CPU
		{18C127DC-8DCE-47B7-8AA8-4D9DF8D061B2}.Debug|x86.Build.0 = Debug|Any CPU
		{18C127DC-8DCE-47B7-8AA8-4D9DF8D061B2}.Release|Any CPU.ActiveCfg = Release|Any CPU
		{18C127DC-8DCE-47B7-8AA8-4D9DF8D061B2}.Release|Any CPU.Build.0 = Release|Any CPU
		{18C127DC-8DCE-47B7-8AA8-4D9DF8D061B2}.Release|iPhone.ActiveCfg = Release|Any CPU
		{18C127DC-8DCE-47B7-8AA8-4D9DF8D061B2}.Release|iPhone.Build.0 = Release|Any CPU
		{18C127DC-8DCE-47B7-8AA8-4D9DF8D061B2}.Release|iPhoneSimulator.ActiveCfg = Release|Any CPU
		{18C127DC-8DCE-47B7-8AA8-4D9DF8D061B2}.Release|iPhoneSimulator.Build.0 = Release|Any CPU
		{18C127DC-8DCE-47B7-8AA8-4D9DF8D061B2}.Release|x86.ActiveCfg = Release|Any CPU
		{18C127DC-8DCE-47B7-8AA8-4D9DF8D061B2}.Release|x86.Build.0 = Release|Any CPU
		{1CD4B28B-6341-4A77-A949-644F4964B15E}.Ad-Hoc|Any CPU.ActiveCfg = Debug|Any CPU
		{1CD4B28B-6341-4A77-A949-644F4964B15E}.Ad-Hoc|Any CPU.Build.0 = Debug|Any CPU
		{1CD4B28B-6341-4A77-A949-644F4964B15E}.Ad-Hoc|iPhone.ActiveCfg = Debug|Any CPU
		{1CD4B28B-6341-4A77-A949-644F4964B15E}.Ad-Hoc|iPhone.Build.0 = Debug|Any CPU
		{1CD4B28B-6341-4A77-A949-644F4964B15E}.Ad-Hoc|iPhoneSimulator.ActiveCfg = Debug|Any CPU
		{1CD4B28B-6341-4A77-A949-644F4964B15E}.Ad-Hoc|iPhoneSimulator.Build.0 = Debug|Any CPU
		{1CD4B28B-6341-4A77-A949-644F4964B15E}.Ad-Hoc|x86.ActiveCfg = Release|Any CPU
		{1CD4B28B-6341-4A77-A949-644F4964B15E}.Ad-Hoc|x86.Build.0 = Release|Any CPU
		{1CD4B28B-6341-4A77-A949-644F4964B15E}.AppStore|Any CPU.ActiveCfg = Debug|Any CPU
		{1CD4B28B-6341-4A77-A949-644F4964B15E}.AppStore|Any CPU.Build.0 = Debug|Any CPU
		{1CD4B28B-6341-4A77-A949-644F4964B15E}.AppStore|iPhone.ActiveCfg = Debug|Any CPU
		{1CD4B28B-6341-4A77-A949-644F4964B15E}.AppStore|iPhone.Build.0 = Debug|Any CPU
		{1CD4B28B-6341-4A77-A949-644F4964B15E}.AppStore|iPhoneSimulator.ActiveCfg = Debug|Any CPU
		{1CD4B28B-6341-4A77-A949-644F4964B15E}.AppStore|iPhoneSimulator.Build.0 = Debug|Any CPU
		{1CD4B28B-6341-4A77-A949-644F4964B15E}.AppStore|x86.ActiveCfg = Release|Any CPU
		{1CD4B28B-6341-4A77-A949-644F4964B15E}.AppStore|x86.Build.0 = Release|Any CPU
		{1CD4B28B-6341-4A77-A949-644F4964B15E}.Debug|Any CPU.ActiveCfg = Debug|Any CPU
		{1CD4B28B-6341-4A77-A949-644F4964B15E}.Debug|Any CPU.Build.0 = Debug|Any CPU
		{1CD4B28B-6341-4A77-A949-644F4964B15E}.Debug|iPhone.ActiveCfg = Debug|Any CPU
		{1CD4B28B-6341-4A77-A949-644F4964B15E}.Debug|iPhone.Build.0 = Debug|Any CPU
		{1CD4B28B-6341-4A77-A949-644F4964B15E}.Debug|iPhoneSimulator.ActiveCfg = Debug|Any CPU
		{1CD4B28B-6341-4A77-A949-644F4964B15E}.Debug|iPhoneSimulator.Build.0 = Debug|Any CPU
		{1CD4B28B-6341-4A77-A949-644F4964B15E}.Debug|x86.ActiveCfg = Debug|Any CPU
		{1CD4B28B-6341-4A77-A949-644F4964B15E}.Debug|x86.Build.0 = Debug|Any CPU
		{1CD4B28B-6341-4A77-A949-644F4964B15E}.Release|Any CPU.ActiveCfg = Release|Any CPU
		{1CD4B28B-6341-4A77-A949-644F4964B15E}.Release|Any CPU.Build.0 = Release|Any CPU
		{1CD4B28B-6341-4A77-A949-644F4964B15E}.Release|iPhone.ActiveCfg = Release|Any CPU
		{1CD4B28B-6341-4A77-A949-644F4964B15E}.Release|iPhone.Build.0 = Release|Any CPU
		{1CD4B28B-6341-4A77-A949-644F4964B15E}.Release|iPhoneSimulator.ActiveCfg = Release|Any CPU
		{1CD4B28B-6341-4A77-A949-644F4964B15E}.Release|iPhoneSimulator.Build.0 = Release|Any CPU
		{1CD4B28B-6341-4A77-A949-644F4964B15E}.Release|x86.ActiveCfg = Release|Any CPU
		{1CD4B28B-6341-4A77-A949-644F4964B15E}.Release|x86.Build.0 = Release|Any CPU
	EndGlobalSection
	GlobalSection(SolutionProperties) = preSolution
		HideSolutionNode = FALSE
	EndGlobalSection
	GlobalSection(ExtensibilityGlobals) = postSolution
		SolutionGuid = {1D7E03F1-7C4E-47C0-81DB-E13AADD99518}
	EndGlobalSection
EndGlobal
